
Microsoft Visual Studio Solution File, Format Version 12.00
# Visual Studio Version 17
VisualStudioVersion = 17.0.31903.59
MinimumVisualStudioVersion = 10.0.40219.1
Project("{FAE04EC0-301F-11D3-BF4B-00C04F79EFBC}") = "MyAPI.Domain", "MyAPI.Domain\MyAPI.Domain.csproj", "{55E9D97B-E10D-4925-A40E-DD4D420EC7AB}"
EndProject
Project("{FAE04EC0-301F-11D3-BF4B-00C04F79EFBC}") = "MyAPI.Application", "MyAPI.Application\MyAPI.Application.csproj", "{A4AE5274-2D81-43D4-B7DC-5515455A0BBD}"
EndProject
Project("{FAE04EC0-301F-11D3-BF4B-00C04F79EFBC}") = "MyAPI.Presentation", "MyAPI.Presentation\MyAPI.Presentation.csproj", "{B7F92502-E8E0-48E9-AA26-6A8C36606B62}"
EndProject
Project("{FAE04EC0-301F-11D3-BF4B-00C04F79EFBC}") = "MyAPI.Infrastructure", "MyAPI.Infrastructure\MyAPI.Infrastructure.csproj", "{2E1C0CFE-D674-4177-B7D0-F3D5CE57D719}"
EndProject
Global
	GlobalSection(SolutionConfigurationPlatforms) = preSolution
		Debug|Any CPU = Debug|Any CPU
		Release|Any CPU = Release|Any CPU
	EndGlobalSection
	GlobalSection(SolutionProperties) = preSolution
		HideSolutionNode = FALSE
	EndGlobalSection
	GlobalSection(ProjectConfigurationPlatforms) = postSolution
		{55E9D97B-E10D-4925-A40E-DD4D420EC7AB}.Debug|Any CPU.ActiveCfg = Debug|Any CPU
		{55E9D97B-E10D-4925-A40E-DD4D420EC7AB}.Debug|Any CPU.Build.0 = Debug|Any CPU
		{55E9D97B-E10D-4925-A40E-DD4D420EC7AB}.Release|Any CPU.ActiveCfg = Release|Any CPU
		{55E9D97B-E10D-4925-A40E-DD4D420EC7AB}.Release|Any CPU.Build.0 = Release|Any CPU
		{A4AE5274-2D81-43D4-B7DC-5515455A0BBD}.Debug|Any CPU.ActiveCfg = Debug|Any CPU
		{A4AE5274-2D81-43D4-B7DC-5515455A0BBD}.Debug|Any CPU.Build.0 = Debug|Any CPU
		{A4AE5274-2D81-43D4-B7DC-5515455A0BBD}.Release|Any CPU.ActiveCfg = Release|Any CPU
		{A4AE5274-2D81-43D4-B7DC-5515455A0BBD}.Release|Any CPU.Build.0 = Release|Any CPU
		{B7F92502-E8E0-48E9-AA26-6A8C36606B62}.Debug|Any CPU.ActiveCfg = Debug|Any CPU
		{B7F92502-E8E0-48E9-AA26-6A8C36606B62}.Debug|Any CPU.Build.0 = Debug|Any CPU
		{B7F92502-E8E0-48E9-AA26-6A8C36606B62}.Release|Any CPU.ActiveCfg = Release|Any CPU
		{B7F92502-E8E0-48E9-AA26-6A8C36606B62}.Release|Any CPU.Build.0 = Release|Any CPU
		{2E1C0CFE-D674-4177-B7D0-F3D5CE57D719}.Debug|Any CPU.ActiveCfg = Debug|Any CPU
		{2E1C0CFE-D674-4177-B7D0-F3D5CE57D719}.Debug|Any CPU.Build.0 = Debug|Any CPU
		{2E1C0CFE-D674-4177-B7D0-F3D5CE57D719}.Release|Any CPU.ActiveCfg = Release|Any CPU
		{2E1C0CFE-D674-4177-B7D0-F3D5CE57D719}.Release|Any CPU.Build.0 = Release|Any CPU
	EndGlobalSection
EndGlobal
